
Microsoft Visual Studio Solution File, Format Version 12.00
Project("{FAE04EC0-301F-11D3-BF4B-00C04F79EFBC}") = "OData_v1", "OData_v1\OData_v1.csproj", "{9D3F48DC-D3EA-4313-8876-FAD92EA49CD9}"
EndProject
Project("{FAE04EC0-301F-11D3-BF4B-00C04F79EFBC}") = "Odata", "Odata\Odata.csproj", "{828E8A5C-B2B5-4C90-903E-4E97933D04FB}"
EndProject
Global
	GlobalSection(SolutionConfigurationPlatforms) = preSolution
		Debug|Any CPU = Debug|Any CPU
		Release|Any CPU = Release|Any CPU
	EndGlobalSection
	GlobalSection(ProjectConfigurationPlatforms) = postSolution
		{9D3F48DC-D3EA-4313-8876-FAD92EA49CD9}.Debug|Any CPU.ActiveCfg = Debug|Any CPU
		{9D3F48DC-D3EA-4313-8876-FAD92EA49CD9}.Debug|Any CPU.Build.0 = Debug|Any CPU
		{9D3F48DC-D3EA-4313-8876-FAD92EA49CD9}.Release|Any CPU.ActiveCfg = Release|Any CPU
		{9D3F48DC-D3EA-4313-8876-FAD92EA49CD9}.Release|Any CPU.Build.0 = Release|Any CPU
		{828E8A5C-B2B5-4C90-903E-4E97933D04FB}.Debug|Any CPU.ActiveCfg = Debug|Any CPU
		{828E8A5C-B2B5-4C90-903E-4E97933D04FB}.Debug|Any CPU.Build.0 = Debug|Any CPU
		{828E8A5C-B2B5-4C90-903E-4E97933D04FB}.Release|Any CPU.ActiveCfg = Release|Any CPU
		{828E8A5C-B2B5-4C90-903E-4E97933D04FB}.Release|Any CPU.Build.0 = Release|Any CPU
	EndGlobalSection
EndGlobal
