
Microsoft Visual Studio Solution File, Format Version 12.00
Project("{FAE04EC0-301F-11D3-BF4B-00C04F79EFBC}") = "BusinessObjects", "BusinessObjects\BusinessObjects.csproj", "{F547A0B4-BC76-4DAC-95E5-DDFEED7F66F4}"
EndProject
Project("{FAE04EC0-301F-11D3-BF4B-00C04F79EFBC}") = "DataAccess", "DataAccess\DataAccess.csproj", "{2151D0A0-A4D6-4D69-888C-1B3B609DAA46}"
EndProject
Project("{FAE04EC0-301F-11D3-BF4B-00C04F79EFBC}") = "BussinessLogic", "BussinessLogic\BussinessLogic.csproj", "{30874F07-24D9-42F4-A78E-154574B993AB}"
EndProject
Project("{FAE04EC0-301F-11D3-BF4B-00C04F79EFBC}") = "WebAPI", "WebAPI\WebAPI.csproj", "{C99D33F1-8105-4254-97C2-E1EA8E86F983}"
EndProject
Global
	GlobalSection(SolutionConfigurationPlatforms) = preSolution
		Debug|Any CPU = Debug|Any CPU
		Release|Any CPU = Release|Any CPU
	EndGlobalSection
	GlobalSection(ProjectConfigurationPlatforms) = postSolution
		{F547A0B4-BC76-4DAC-95E5-DDFEED7F66F4}.Debug|Any CPU.ActiveCfg = Debug|Any CPU
		{F547A0B4-BC76-4DAC-95E5-DDFEED7F66F4}.Debug|Any CPU.Build.0 = Debug|Any CPU
		{F547A0B4-BC76-4DAC-95E5-DDFEED7F66F4}.Release|Any CPU.ActiveCfg = Release|Any CPU
		{F547A0B4-BC76-4DAC-95E5-DDFEED7F66F4}.Release|Any CPU.Build.0 = Release|Any CPU
		{2151D0A0-A4D6-4D69-888C-1B3B609DAA46}.Debug|Any CPU.ActiveCfg = Debug|Any CPU
		{2151D0A0-A4D6-4D69-888C-1B3B609DAA46}.Debug|Any CPU.Build.0 = Debug|Any CPU
		{2151D0A0-A4D6-4D69-888C-1B3B609DAA46}.Release|Any CPU.ActiveCfg = Release|Any CPU
		{2151D0A0-A4D6-4D69-888C-1B3B609DAA46}.Release|Any CPU.Build.0 = Release|Any CPU
		{30874F07-24D9-42F4-A78E-154574B993AB}.Debug|Any CPU.ActiveCfg = Debug|Any CPU
		{30874F07-24D9-42F4-A78E-154574B993AB}.Debug|Any CPU.Build.0 = Debug|Any CPU
		{30874F07-24D9-42F4-A78E-154574B993AB}.Release|Any CPU.ActiveCfg = Release|Any CPU
		{30874F07-24D9-42F4-A78E-154574B993AB}.Release|Any CPU.Build.0 = Release|Any CPU
		{C99D33F1-8105-4254-97C2-E1EA8E86F983}.Debug|Any CPU.ActiveCfg = Debug|Any CPU
		{C99D33F1-8105-4254-97C2-E1EA8E86F983}.Debug|Any CPU.Build.0 = Debug|Any CPU
		{C99D33F1-8105-4254-97C2-E1EA8E86F983}.Release|Any CPU.ActiveCfg = Release|Any CPU
		{C99D33F1-8105-4254-97C2-E1EA8E86F983}.Release|Any CPU.Build.0 = Release|Any CPU
	EndGlobalSection
EndGlobal
