
Microsoft Visual Studio Solution File, Format Version 12.00
Project("{FAE04EC0-301F-11D3-BF4B-00C04F79EFBC}") = "ModelsLayer", "ModelsLayer\ModelsLayer.csproj", "{7EFA5055-B6EE-4DD2-9476-C9E190C40267}"
EndProject
Project("{FAE04EC0-301F-11D3-BF4B-00C04F79EFBC}") = "BussinessLogic", "BussinessLogic\BussinessLogic.csproj", "{42DC4095-A592-46B3-9E2D-B681E267234B}"
EndProject
Project("{FAE04EC0-301F-11D3-BF4B-00C04F79EFBC}") = "DataAccess", "DataAccess\DataAccess.csproj", "{9BDE38B5-C53D-48C9-92B2-DE2499591EF7}"
EndProject
Project("{FAE04EC0-301F-11D3-BF4B-00C04F79EFBC}") = "WebAPI", "WebAPI\WebAPI.csproj", "{4E60801F-CF5D-45A7-B00F-B514E63707C0}"
EndProject
Project("{FAE04EC0-301F-11D3-BF4B-00C04F79EFBC}") = "WebRazor", "WebRazor\WebRazor.csproj", "{F353AB06-7170-405E-A057-F92B1720E8A2}"
EndProject
Global
	GlobalSection(SolutionConfigurationPlatforms) = preSolution
		Debug|Any CPU = Debug|Any CPU
		Release|Any CPU = Release|Any CPU
	EndGlobalSection
	GlobalSection(ProjectConfigurationPlatforms) = postSolution
		{7EFA5055-B6EE-4DD2-9476-C9E190C40267}.Debug|Any CPU.ActiveCfg = Debug|Any CPU
		{7EFA5055-B6EE-4DD2-9476-C9E190C40267}.Debug|Any CPU.Build.0 = Debug|Any CPU
		{7EFA5055-B6EE-4DD2-9476-C9E190C40267}.Release|Any CPU.ActiveCfg = Release|Any CPU
		{7EFA5055-B6EE-4DD2-9476-C9E190C40267}.Release|Any CPU.Build.0 = Release|Any CPU
		{42DC4095-A592-46B3-9E2D-B681E267234B}.Debug|Any CPU.ActiveCfg = Debug|Any CPU
		{42DC4095-A592-46B3-9E2D-B681E267234B}.Debug|Any CPU.Build.0 = Debug|Any CPU
		{42DC4095-A592-46B3-9E2D-B681E267234B}.Release|Any CPU.ActiveCfg = Release|Any CPU
		{42DC4095-A592-46B3-9E2D-B681E267234B}.Release|Any CPU.Build.0 = Release|Any CPU
		{9BDE38B5-C53D-48C9-92B2-DE2499591EF7}.Debug|Any CPU.ActiveCfg = Debug|Any CPU
		{9BDE38B5-C53D-48C9-92B2-DE2499591EF7}.Debug|Any CPU.Build.0 = Debug|Any CPU
		{9BDE38B5-C53D-48C9-92B2-DE2499591EF7}.Release|Any CPU.ActiveCfg = Release|Any CPU
		{9BDE38B5-C53D-48C9-92B2-DE2499591EF7}.Release|Any CPU.Build.0 = Release|Any CPU
		{4E60801F-CF5D-45A7-B00F-B514E63707C0}.Debug|Any CPU.ActiveCfg = Debug|Any CPU
		{4E60801F-CF5D-45A7-B00F-B514E63707C0}.Debug|Any CPU.Build.0 = Debug|Any CPU
		{4E60801F-CF5D-45A7-B00F-B514E63707C0}.Release|Any CPU.ActiveCfg = Release|Any CPU
		{4E60801F-CF5D-45A7-B00F-B514E63707C0}.Release|Any CPU.Build.0 = Release|Any CPU
		{F353AB06-7170-405E-A057-F92B1720E8A2}.Debug|Any CPU.ActiveCfg = Debug|Any CPU
		{F353AB06-7170-405E-A057-F92B1720E8A2}.Debug|Any CPU.Build.0 = Debug|Any CPU
		{F353AB06-7170-405E-A057-F92B1720E8A2}.Release|Any CPU.ActiveCfg = Release|Any CPU
		{F353AB06-7170-405E-A057-F92B1720E8A2}.Release|Any CPU.Build.0 = Release|Any CPU
	EndGlobalSection
EndGlobal
